Microsoft Visual Studio Solution File, Format Version 12.00
# Visual Studio Version 17
VisualStudioVersion = 17.5.2.0
MinimumVisualStudioVersion = 10.0.40219.1
Project("{FAE04EC0-301F-11D3-BF4B-00C04F79EFBC}") = "sics-webapi", "sics-webapi\sics-webapi.csproj", "{1B675E85-0A45-47C9-B4B9-34E4D3F19FB1}"
EndProject
Project("{FAE04EC0-301F-11D3-BF4B-00C04F79EFBC}") = "sics-test", "sics-test\sics-test.csproj", "{905E6E36-A77A-4586-B8ED-A818594266D5}"
EndProject
Global
	GlobalSection(SolutionConfigurationPlatforms) = preSolution
		Debug|Any CPU = Debug|Any CPU
		Release|Any CPU = Release|Any CPU
	EndGlobalSection
	GlobalSection(SolutionProperties) = preSolution
		HideSolutionNode = FALSE
	EndGlobalSection
	GlobalSection(ExtensibilityGlobals) = postSolution
		SolutionGuid = {2444A1FF-3070-4DFE-AE40-D0FBFAF93FFE}
	EndGlobalSection
	GlobalSection(ProjectConfigurationPlatforms) = postSolution
		{1B675E85-0A45-47C9-B4B9-34E4D3F19FB1}.Debug|Any CPU.ActiveCfg = Debug|Any CPU
		{1B675E85-0A45-47C9-B4B9-34E4D3F19FB1}.Debug|Any CPU.Build.0 = Debug|Any CPU
		{1B675E85-0A45-47C9-B4B9-34E4D3F19FB1}.Release|Any CPU.ActiveCfg = Release|Any CPU
		{1B675E85-0A45-47C9-B4B9-34E4D3F19FB1}.Release|Any CPU.Build.0 = Release|Any CPU
		{905E6E36-A77A-4586-B8ED-A818594266D5}.Debug|Any CPU.ActiveCfg = Debug|Any CPU
		{905E6E36-A77A-4586-B8ED-A818594266D5}.Debug|Any CPU.Build.0 = Debug|Any CPU
		{905E6E36-A77A-4586-B8ED-A818594266D5}.Release|Any CPU.ActiveCfg = Release|Any CPU
		{905E6E36-A77A-4586-B8ED-A818594266D5}.Release|Any CPU.Build.0 = Release|Any CPU
	EndGlobalSection
EndGlobal
